
Microsoft Visual Studio Solution File, Format Version 12.00
# Visual Studio 15
VisualStudioVersion = 15.0.28307.168
MinimumVisualStudioVersion = 10.0.40219.1
Project("{9092AA53-FB77-4645-B42D-1CCCA6BD08BD}") = "blockadia", "blockadia\blockadia.njsproj", "{849CFB1D-DB42-4641-A439-1A3369ACD191}"
EndProject
Global
	GlobalSection(SolutionConfigurationPlatforms) = preSolution
		Debug|Any CPU = Debug|Any CPU
		Release|Any CPU = Release|Any CPU
	EndGlobalSection
	GlobalSection(ProjectConfigurationPlatforms) = postSolution
		{849CFB1D-DB42-4641-A439-1A3369ACD191}.Debug|Any CPU.ActiveCfg = Debug|Any CPU
		{849CFB1D-DB42-4641-A439-1A3369ACD191}.Debug|Any CPU.Build.0 = Debug|Any CPU
		{849CFB1D-DB42-4641-A439-1A3369ACD191}.Release|Any CPU.ActiveCfg = Release|Any CPU
		{849CFB1D-DB42-4641-A439-1A3369ACD191}.Release|Any CPU.Build.0 = Release|Any CPU
	EndGlobalSection
	GlobalSection(SolutionProperties) = preSolution
		HideSolutionNode = FALSE
	EndGlobalSection
	GlobalSection(ExtensibilityGlobals) = postSolution
		SolutionGuid = {6CAB913F-C6D3-4F66-A7C7-60AF937AD29B}
	EndGlobalSection
EndGlobal
